# This file is automatically @generated by Poetry 1.7.1 and should not be changed by hand.

[[package]]
name = "blinker"
version = "1.7.0"
description = "Fast, simple object-to-object and broadcast signaling"
optional = false
python-versions = ">=3.8"
files = [
    {file = "blinker-1.7.0-py3-none-any.whl", hash = "sha256:c3f865d4d54db7abc53758a01601cf343fe55b84c1de4e3fa910e420b438d5b9"},
    {file = "blinker-1.7.0.tar.gz", hash = "sha256:e6820ff6fa4e4d1d8e2747c2283749c3f547e4fee112b98555cdcdae32996182"},
]

[[package]]
name = "click"
version = "8.1.7"
description = "Composable command line interface toolkit"
optional = false
python-versions = ">=3.7"
files = [
    {file = "click-8.1.7-py3-none-any.whl", hash = "sha256:ae74fb96c20a0277a1d615f1e4d73c8414f5a98db8b799a7931d1582f3390c28"},
    {file = "click-8.1.7.tar.gz", hash = "sha256:ca9853ad459e787e2192211578cc907e7594e294c7ccc834310722b41b9ca6de"},
]

[package.dependencies]
colorama = {version = "*", markers = "platform_system == \"Windows\""}

[[package]]
name = "colorama"
version = "0.4.6"
description = "Cross-platform colored terminal text."
optional = false
python-versions = "!=3.0.*,!=3.1.*,!=3.2.*,!=3.3.*,!=3.4.*,!=3.5.*,!=3.6.*,>=2.7"
files = [
    {file = "colorama-0.4.6-py2.py3-none-any.whl", hash = "sha256:4f1d9991f5acc0ca119f9d443620b77f9d6b33703e51011c16baf57afb285fc6"},
    {file = "colorama-0.4.6.tar.gz", hash = "sha256:08695f5cb7ed6e0531a20572697297273c47b8cae5a63ffc6d6ed5c201be6e44"},
]

[[package]]
name = "flask"
version = "2.3.3"
description = "A simple framework for building complex web applications."
optional = false
python-versions = ">=3.8"
files = [
    {file = "flask-2.3.3-py3-none-any.whl", hash = "sha256:f69fcd559dc907ed196ab9df0e48471709175e696d6e698dd4dbe940f96ce66b"},
    {file = "flask-2.3.3.tar.gz", hash = "sha256:09c347a92aa7ff4a8e7f3206795f30d826654baf38b873d0744cd571ca609efc"},
]

[package.dependencies]
blinker = ">=1.6.2"
click = ">=8.1.3"
itsdangerous = ">=2.1.2"
Jinja2 = ">=3.1.2"
Werkzeug = ">=2.3.7"

[package.extras]
async = ["asgiref (>=3.2)"]
dotenv = ["python-dotenv"]

[[package]]
name = "googleapis-common-protos"
version = "1.72.0"
description = "Common protobufs used in Google APIs"
optional = false
python-versions = ">=3.7"
files = [
    {file = "googleapis_common_protos-1.72.0-py3-none-any.whl", hash = "sha256:4299c5a82d5ae1a9702ada957347726b167f9f8d1fc352477702a1e851ff4038"},
    {file = "googleapis_common_protos-1.72.0.tar.gz", hash = "sha256:e55a601c1b32b52d7a3e65f43563e2aa61bcd737998ee672ac9b951cd49319f5"},
]

[package.dependencies]
protobuf = ">=3.20.2,<4.21.1 || >4.21.1,<4.21.2 || >4.21.2,<4.21.3 || >4.21.3,<4.21.4 || >4.21.4,<4.21.5 || >4.21.5,<7.0.0"

[package.extras]
grpc = ["grpcio (>=1.44.0,<2.0.0)"]

[[package]]
name = "grpcio"
version = "1.78.1"
description = "HTTP/2-based RPC framework"
optional = false
python-versions = ">=3.9"
files = [
    {file = "grpcio-1.78.1-cp310-cp310-linux_armv7l.whl", hash = "sha256:4393bef64cf26dc07cd6f18eaa5170ae4eebaafd4418e7e3a59ca9526a6fa30b"},
    {file = "grpcio-1.78.1-cp310-cp310-macosx_11_0_universal2.whl", hash = "sha256:917047c19cd120b40aab9a4b8a22e9ce3562f4a1343c0d62b3cd2d5199da3d67"},
    {file = "grpcio-1.78.1-cp310-cp310-manylinux2014_aarch64.manylinux_2_17_aarch64.whl", hash = "sha256:ff7de398bb3528d44d17e6913a7cfe639e3b15c65595a71155322df16978c5e1"},
    {file = "grpcio-1.78.1-cp310-cp310-manylinux2014_i686.manylinux_2_17_i686.whl", hash = "sha256:15f6e636d1152667ddb4022b37534c161c8477274edb26a0b65b215dd0a81e97"},
    {file = "grpcio-1.78.1-cp310-cp310-manylinux2014_x86_64.manylinux_2_17_x86_64.whl", hash = "sha256:27b5cb669603efb7883a882275db88b6b5d6b6c9f0267d5846ba8699b7ace338"},
    {file = "grpcio-1.78.1-cp310-cp310-musllinux_1_2_aarch64.whl", hash = "sha256:86edb3966778fa05bfdb333688fde5dc9079f9e2a9aa6a5c42e9564b7656ba04"},
    {file = "grpcio-1.78.1-cp310-cp310-musllinux_1_2_i686.whl", hash = "sha256:849cc62eb989bc3be5629d4f3acef79be0d0ff15622201ed251a86d17fef6494"},
    {file = "grpcio-1.78.1-cp310-cp310-musllinux_1_2_x86_64.whl", hash = "sha256:9a00992d6fafe19d648b9ccb4952200c50d8e36d0cce8cf026c56ed3fdc28465"},
    {file = "grpcio-1.78.1-cp310-cp310-win32.whl", hash = "sha256:f8759a1347f3b4f03d9a9d4ce8f9f31ad5e5d0144ba06ccfb1ffaeb0ba4c1e20"},
    {file = "grpcio-1.78.1-cp310-cp310-win_amd64.whl", hash = "sha256:e840405a3f1249509892be2399f668c59b9d492068a2cf326d661a8c79e5e747"},
    {file = "grpcio-1.78.1-cp311-cp311-linux_armv7l.whl", hash = "sha256:3a8aa79bc6e004394c0abefd4b034c14affda7b66480085d87f5fbadf43b593b"},
    {file = "grpcio-1.78.1-cp311-cp311-macosx_11_0_universal2.whl", hash = "sha256:8e1fcb419da5811deb47b7749b8049f7c62b993ba17822e3c7231e3e0ba65b79"},
    {file = "grpcio-1.78.1-cp311-cp311-manylinux2014_aarch64.manylinux_2_17_aarch64.whl", hash = "sha256:b071dccac245c32cd6b1dd96b722283b855881ca0bf1c685cf843185f5d5d51e"},
    {file = "grpcio-1.78.1-cp311-cp311-manylinux2014_i686.manylinux_2_17_i686.whl", hash = "sha256:d6fb962947e4fe321eeef3be1ba5ba49d32dea9233c825fcbade8e858c14aaf4"},
    {file = "grpcio-1.78.1-cp311-cp311-manylinux2014_x86_64.manylinux_2_17_x86_64.whl", hash = "sha256:a6afd191551fd72e632367dfb083e33cd185bf9ead565f2476bba8ab864ae496"},
    {file = "grpcio-1.78.1-cp311-cp311-musllinux_1_2_aarch64.whl", hash = "sha256:b2acd83186305c0802dbc4d81ed0ec2f3e8658d7fde97cfba2f78d7372f05b89"},
    {file = "grpcio-1.78.1-cp311-cp311-musllinux_1_2_i686.whl", hash = "sha256:5380268ab8513445740f1f77bd966d13043d07e2793487e61fd5b5d0935071eb"},
    {file = "grpcio-1.78.1-cp311-cp311-musllinux_1_2_x86_64.whl", hash = "sha256:389b77484959bdaad6a2b7dda44d7d1228381dd669a03f5660392aa0e9385b22"},
    {file = "grpcio-1.78.1-cp311-cp311-win32.whl", hash = "sha256:9dee66d142f4a8cca36b5b98a38f006419138c3c89e72071747f8fca415a6d8f"},
    {file = "grpcio-1.78.1-cp311-cp311-win_amd64.whl", hash = "sha256:43b930cf4f9c4a2262bb3e5d5bc40df426a72538b4f98e46f158b7eb112d2d70"},
    {file = "grpcio-1.78.1-cp312-cp312-linux_armv7l.whl", hash = "sha256:41e4605c923e0e9a84a2718e4948a53a530172bfaf1a6d1ded16ef9c5849fca2"},
    {file = "grpcio-1.78.1-cp312-cp312-macosx_11_0_universal2.whl", hash = "sha256:39da1680d260c0c619c3b5fa2dc47480ca24d5704c7a548098bca7de7f5dd17f"},
    {file = "grpcio-1.78.1-cp312-cp312-manylinux2014_aarch64.manylinux_2_17_aarch64.whl", hash = "sha256:b5d5881d72a09b8336a8f874784a8eeffacde44a7bc1a148bce5a0243a265ef0"},
    {file = "grpcio-1.78.1-cp312-cp312-manylinux2014_i686.manylinux_2_17_i686.whl", hash = "sha256:888ceb7821acd925b1c90f0cdceaed1386e69cfe25e496e0771f6c35a156132f"},
    {file = "grpcio-1.78.1-cp312-cp312-manylinux2014_x86_64.manylinux_2_17_x86_64.whl", hash = "sha256:8942bdfc143b467c264b048862090c4ba9a0223c52ae28c9ae97754361372e42"},
    {file = "grpcio-1.78.1-cp312-cp312-musllinux_1_2_aarch64.whl", hash = "sha256:716a544969660ed609164aff27b2effd3ff84e54ac81aa4ce77b1607ca917d22"},
    {file = "grpcio-1.78.1-cp312-cp312-musllinux_1_2_i686.whl", hash = "sha256:4d50329b081c223d444751076bb5b389d4f06c2b32d51b31a1e98172e6cecfb9"},
    {file = "grpcio-1.78.1-cp312-cp312-musllinux_1_2_x86_64.whl", hash = "sha256:7e836778c13ff70edada16567e8da0c431e8818eaae85b80d11c1ba5782eccbb"},
    {file = "grpcio-1.78.1-cp312-cp312-win32.whl", hash = "sha256:07eb016ea7444a22bef465cce045512756956433f54450aeaa0b443b8563b9ca"},
    {file = "grpcio-1.78.1-cp312-cp312-win_amd64.whl", hash = "sha256:02b82dcd2fa580f5e82b4cf62ecde1b3c7cc9ba27b946421200706a6e5acaf85"},
    {file = "grpcio-1.78.1-cp313-cp313-linux_armv7l.whl", hash = "sha256:2b7ad2981550ce999e25ce3f10c8863f718a352a2fd655068d29ea3fd37b4907"},
    {file = "grpcio-1.78.1-cp313-cp313-macosx_11_0_universal2.whl", hash = "sha256:409bfe22220889b9906739910a0ee4c197a967c21b8dd14b4b06dd477f8819ce"},
    {file = "grpcio-1.78.1-cp313-cp313-manylinux2014_aarch64.manylinux_2_17_aarch64.whl", hash = "sha256:34b6cb16f4b67eeb5206250dc5b4d5e8e3db939535e58efc330e4c61341554bd"},
    {file = "grpcio-1.78.1-cp313-cp313-manylinux2014_i686.manylinux_2_17_i686.whl", hash = "sha256:39d21fd30d38a5afb93f0e2e71e2ec2bd894605fb75d41d5a40060c2f98f8d11"},
    {file = "grpcio-1.78.1-cp313-cp313-manylinux2014_x86_64.manylinux_2_17_x86_64.whl", hash = "sha256:09fbd4bcaadb6d8604ed1504b0bdf7ac18e48467e83a9d930a70a7fefa27e862"},
    {file = "grpcio-1.78.1-cp313-cp313-musllinux_1_2_aarch64.whl", hash = "sha256:db681513a1bdd879c0b24a5a6a70398da5eaaba0e077a306410dc6008426847a"},
    {file = "grpcio-1.78.1-cp313-cp313-musllinux_1_2_i686.whl", hash = "sha256:f81816faa426da461e9a597a178832a351d6f1078102590a4b32c77d251b71eb"},
    {file = "grpcio-1.78.1-cp313-cp313-musllinux_1_2_x86_64.whl", hash = "sha256:ffbb760df1cd49e0989f9826b2fd48930700db6846ac171eaff404f3cfbe5c28"},
    {file = "grpcio-1.78.1-cp313-cp313-win32.whl", hash = "sha256:1a56bf3ee99af5cf32d469de91bf5de79bdac2e18082b495fc1063ea33f4f2d0"},
    {file = "grpcio-1.78.1-cp313-cp313-win_amd64.whl", hash = "sha256:8991c2add0d8505178ff6c3ae54bd9386279e712be82fa3733c54067aae9eda1"},
    {file = "grpcio-1.78.1-cp314-cp314-linux_armv7l.whl", hash = "sha256:d101fe49b1e0fb4a7aa36ed0c3821a0f67a5956ef572745452d2cd790d723a3f"},
    {file = "grpcio-1.78.1-cp314-cp314-macosx_11_0_universal2.whl", hash = "sha256:5ce1855e8cfc217cdf6bcfe0cf046d7cf81ddcc3e6894d6cfd075f87a2d8f460"},
    {file = "grpcio-1.78.1-cp314-cp314-manylinux2014_aarch64.manylinux_2_17_aarch64.whl", hash = "sha256:cd26048d066b51f39fe9206e2bcc2cea869a5e5b2d13c8d523f4179193047ebd"},
    {file = "grpcio-1.78.1-cp314-cp314-manylinux2014_i686.manylinux_2_17_i686.whl", hash = "sha256:4b8d7fda614cf2af0f73bbb042f3b7fee2ecd4aea69ec98dbd903590a1083529"},
    {file = "grpcio-1.78.1-cp314-cp314-manylinux2014_x86_64.manylinux_2_17_x86_64.whl", hash = "sha256:656a5bd142caeb8b1efe1fe0b4434ecc7781f44c97cfc7927f6608627cf178c0"},
    {file = "grpcio-1.78.1-cp314-cp314-musllinux_1_2_aarch64.whl", hash = "sha256:99550e344482e3c21950c034f74668fccf8a546d50c1ecb4f717543bbdc071ba"},
    {file = "grpcio-1.78.1-cp314-cp314-musllinux_1_2_i686.whl", hash = "sha256:8f27683ca68359bd3f0eb4925824d71e538f84338b3ae337ead2ae43977d7541"},
    {file = "grpcio-1.78.1-cp314-cp314-musllinux_1_2_x86_64.whl", hash = "sha256:a40515b69ac50792f9b8ead260f194ba2bb3285375b6c40c7ff938f14c3df17d"},
    {file = "grpcio-1.78.1-cp314-cp314-win32.whl", hash = "sha256:2c473b54ef1618f4fb85e82ff4994de18143b74efc088b91b5a935a3a45042ba"},
    {file = "grpcio-1.78.1-cp314-cp314-win_amd64.whl", hash = "sha256:e2a6b33d1050dce2c6f563c5caf7f7cbeebf7fba8cde37ffe3803d50526900d1"},
    {file = "grpcio-1.78.1-cp39-cp39-linux_armv7l.whl", hash = "sha256:559f58b6823e1abc38f82e157800aff649146f8906f7998c356cd48ae274d512"},
    {file = "grpcio-1.78.1-cp39-cp39-macosx_11_0_universal2.whl", hash = "sha256:36aeff5ba8aaf70ceb2cbf6cbba9ad6beef715ad744841f3e0cd977ec02e5966"},
    {file = "grpcio-1.78.1-cp39-cp39-manylinux2014_aarch64.manylinux_2_17_aarch64.whl", hash = "sha256:0fa9943d4c7f4a14a9a876153a4e8ee2bb20a410b65c09f31510b2a42271f41b"},
    {file = "grpcio-1.78.1-cp39-cp39-manylinux2014_i686.manylinux_2_17_i686.whl", hash = "sha256:75fa92c47d048d696f12b81a775316fca68385ffc6e6cb1ed1d76c8562579f74"},
    {file = "grpcio-1.78.1-cp39-cp39-manylinux2014_x86_64.manylinux_2_17_x86_64.whl", hash = "sha256:ca6aebae928383e971d5eace4f1a217fd7aadaf18d5ddd3163d80354105e9068"},
    {file = "grpcio-1.78.1-cp39-cp39-musllinux_1_2_aarch64.whl", hash = "sha256:5572c5dd1e43dbb452b466be9794f77e3502bdb6aa6a1a7feca72c98c5085ca7"},
    {file = "grpcio-1.78.1-cp39-cp39-musllinux_1_2_i686.whl", hash = "sha256:e49e720cd6b092504ec7bb2f60eb459aaaf4ce0e5fe20521c201b179e93b5d5d"},
    {file = "grpcio-1.78.1-cp39-cp39-musllinux_1_2_x86_64.whl", hash = "sha256:ebeec1383aed86530a5f39646984e92d6596c050629982ac54eeb4e2f6ead668"},
    {file = "grpcio-1.78.1-cp39-cp39-win32.whl", hash = "sha256:263307118791bc350f4642749a9c8c2d13fec496228ab11070973e568c256bfd"},
    {file = "grpcio-1.78.1-cp39-cp39-win_amd64.whl", hash = "sha256:13937b28986f45fee342806b07c6344db785ad74a549ebcb00c659142973556f"},
    {file = "grpcio-1.78.1.tar.gz", hash = "sha256:27c625532d33ace45d57e775edf1982e183ff8641c72e4e91ef7ba667a149d72"},
]

[package.dependencies]
typing-extensions = ">=4.12,<5.0"

[package.extras]
protobuf = ["grpcio-tools (>=1.78.1)"]

[[package]]
name = "importlib-metadata"
version = "8.7.1"
description = "Read metadata from Python packages"
optional = false
python-versions = ">=3.9"
files = [
    {file = "importlib_metadata-8.7.1-py3-none-any.whl", hash = "sha256:5a1f80bf1daa489495071efbb095d75a634cf28a8bc299581244063b53176151"},
    {file = "importlib_metadata-8.7.1.tar.gz", hash = "sha256:49fef1ae6440c182052f407c8d34a68f72efc36db9ca90dc0113398f2fdde8bb"},
]

[package.dependencies]
zipp = ">=3.20"

[package.extras]
check = ["pytest-checkdocs (>=2.4)", "pytest-ruff (>=0.2.1)"]
cover = ["pytest-cov"]
doc = ["furo", "jaraco.packaging (>=9.3)", "jaraco.tidelift (>=1.4)", "rst.linker (>=1.9)", "sphinx (>=3.5)", "sphinx-lint"]
enabler = ["pytest-enabler (>=3.4)"]
perf = ["ipython"]
test = ["flufl.flake8", "jaraco.test (>=5.4)", "packaging", "pyfakefs", "pytest (>=6,!=8.1.*)", "pytest-perf (>=0.9.2)"]
type = ["mypy (<1.19)", "pytest-mypy (>=1.0.1)"]

[[package]]
name = "itsdangerous"
version = "2.1.2"
description = "Safely pass data to untrusted environments and back."
optional = false
python-versions = ">=3.7"
files = [
    {file = "itsdangerous-2.1.2-py3-none-any.whl", hash = "sha256:2c2349112351b88699d8d4b6b075022c0808887cb7ad10069318a8b0bc88db44"},
    {file = "itsdangerous-2.1.2.tar.gz", hash = "sha256:5dbbc68b317e5e42f327f9021763545dc3fc3bfe22e6deb96aaf1fc38874156a"},
]

[[package]]
name = "jinja2"
version = "3.1.3"
description = "A very fast and expressive template engine."
optional = false
python-versions = ">=3.7"
files = [
    {file = "Jinja2-3.1.3-py3-none-any.whl", hash = "sha256:7d6d50dd97d52cbc355597bd845fabfbac3f551e1f99619e39a35ce8c370b5fa"},
    {file = "Jinja2-3.1.3.tar.gz", hash = "sha256:ac8bd6544d4bb2c9792bf3a159e80bba8fda7f07e81bc3aed565432d5925ba90"},
]

[package.dependencies]
MarkupSafe = ">=2.0"

[package.extras]
i18n = ["Babel (>=2.7)"]

[[package]]
name = "markupsafe"
version = "2.1.3"
description = "Safely add untrusted strings to HTML/XML markup."
optional = false
python-versions = ">=3.7"
files = [
    {file = "MarkupSafe-2.1.3-cp310-cp310-macosx_10_9_universal2.whl", hash = "sha256:cd0f502fe016460680cd20aaa5a76d241d6f35a1c3350c474bac1273803893fa"},
    {file = "MarkupSafe-2.1.3-cp310-cp310-macosx_10_9_x86_64.whl", hash = "sha256:e09031c87a1e51556fdcb46e5bd4f59dfb743061cf93c4d6831bf894f125eb57"},
    {file = "MarkupSafe-2.1.3-cp310-cp310-manylinux_2_17_aarch64.manylinux2014_aarch64.whl", hash = "sha256:68e78619a61ecf91e76aa3e6e8e33fc4894a2bebe93410754bd28fce0a8a4f9f"},
    {file = "MarkupSafe-2.1.3-cp310-cp310-manylinux_2_17_x86_64.manylinux2014_x86_64.whl", hash = "sha256:65c1a9bcdadc6c28eecee2c119465aebff8f7a584dd719facdd9e825ec61ab52"},
    {file = "MarkupSafe-2.1.3-cp310-cp310-manylinux_2_5_i686.manylinux1_i686.manylinux_2_17_i686.manylinux2014_i686.whl", hash = "sha256:525808b8019e36eb524b8c68acdd63a37e75714eac50e988180b169d64480a00"},
    {file = "MarkupSafe-2.1.3-cp310-cp310-musllinux_1_1_aarch64.whl", hash = "sha256:962f82a3086483f5e5f64dbad880d31038b698494799b097bc59c2edf392fce6"},
    {file = "MarkupSafe-2.1.3-cp310-cp310-musllinux_1_1_i686.whl", hash = "sha256:aa7bd130efab1c280bed0f45501b7c8795f9fdbeb02e965371bbef3523627779"},
    {file = "MarkupSafe-2.1.3-cp310-cp310-musllinux_1_1_x86_64.whl", hash = "sha256:c9c804664ebe8f83a211cace637506669e7890fec1b4195b505c214e50dd4eb7"},
    {file = "MarkupSafe-2.1.3-cp310-cp310-win32.whl", hash = "sha256:10bbfe99883db80bdbaff2dcf681dfc6533a614f700da1287707e8a5d78a8431"},
    {file = "MarkupSafe-2.1.3-cp310-cp310-win_amd64.whl", hash = "sha256:1577735524cdad32f9f694208aa75e422adba74f1baee7551620e43a3141f559"},
    {file = "MarkupSafe-2.1.3-cp311-cp311-macosx_10_9_universal2.whl", hash = "sha256:ad9e82fb8f09ade1c3e1b996a6337afac2b8b9e365f926f5a61aacc71adc5b3c"},
    {file = "MarkupSafe-2.1.3-cp311-cp311-macosx_10_9_x86_64.whl", hash = "sha256:3c0fae6c3be832a0a0473ac912810b2877c8cb9d76ca48de1ed31e1c68386575"},
    {file = "MarkupSafe-2.1.3-cp311-cp311-manylinux_2_17_aarch64.manylinux2014_aarch64.whl", hash = "sha256:b076b6226fb84157e3f7c971a47ff3a679d837cf338547532ab866c57930dbee"},
    {file = "MarkupSafe-2.1.3-cp311-cp311-manylinux_2_17_x86_64.manylinux2014_x86_64.whl", hash = "sha256:bfce63a9e7834b12b87c64d6b155fdd9b3b96191b6bd334bf37db7ff1fe457f2"},
    {file = "MarkupSafe-2.1.3-cp311-cp311-manylinux_2_5_i686.manylinux1_i686.manylinux_2_17_i686.manylinux2014_i686.whl", hash = "sha256:338ae27d6b8745585f87218a3f23f1512dbf52c26c28e322dbe54bcede54ccb9"},
    {file = "MarkupSafe-2.1.3-cp311-cp311-musllinux_1_1_aarch64.whl", hash = "sha256:e4dd52d80b8c83fdce44e12478ad2e85c64ea965e75d66dbeafb0a3e77308fcc"},
    {file = "MarkupSafe-2.1.3-cp311-cp311-musllinux_1_1_i686.whl", hash = "sha256:df0be2b576a7abbf737b1575f048c23fb1d769f267ec4358296f31c2479db8f9"},
    {file = "MarkupSafe-2.1.3-cp311-cp311-musllinux_1_1_x86_64.whl", hash = "sha256:5bbe06f8eeafd38e5d0a4894ffec89378b6c6a625ff57e3028921f8ff59318ac"},
    {file = "MarkupSafe-2.1.3-cp311-cp311-win32.whl", hash = "sha256:dd15ff04ffd7e05ffcb7fe79f1b98041b8ea30ae9234aed2a9168b5797c3effb"},
    {file = "MarkupSafe-2.1.3-cp311-cp311-win_amd64.whl", hash = "sha256:134da1eca9ec0ae528110ccc9e48041e0828d79f24121a1a146161103c76e686"},
    {file = "MarkupSafe-2.1.3-cp312-cp312-macosx_10_9_universal2.whl", hash = "sha256:f698de3fd0c4e6972b92290a45bd9b1536bffe8c6759c62471efaa8acb4c37bc"},
    {file = "MarkupSafe-2.1.3-cp312-cp312-macosx_10_9_x86_64.whl", hash = "sha256:aa57bd9cf8ae831a362185ee444e15a93ecb2e344c8e52e4d721ea3ab6ef1823"},
    {file = "MarkupSafe-2.1.3-cp312-cp312-manylinux_2_17_aarch64.manylinux2014_aarch64.whl", hash = "sha256:ffcc3f7c66b5f5b7931a5aa68fc9cecc51e685ef90282f4a82f0f5e9b704ad11"},
    {file = "MarkupSafe-2.1.3-cp312-cp312-manylinux_2_17_x86_64.manylinux2014_x86_64.whl", hash = "sha256:47d4f1c5f80fc62fdd7777d0d40a2e9dda0a05883ab11374334f6c4de38adffd"},
    {file = "MarkupSafe-2.1.3-cp312-cp312-manylinux_2_5_i686.manylinux1_i686.manylinux_2_17_i686.manylinux2014_i686.whl", hash = "sha256:1f67c7038d560d92149c060157d623c542173016c4babc0c1913cca0564b9939"},
    {file = "MarkupSafe-2.1.3-cp312-cp312-musllinux_1_1_aarch64.whl", hash = "sha256:9aad3c1755095ce347e26488214ef77e0485a3c34a50c5a5e2471dff60b9dd9c"},
    {file = "MarkupSafe-2.1.3-cp312-cp312-musllinux_1_1_i686.whl", hash = "sha256:14ff806850827afd6b07a5f32bd917fb7f45b046ba40c57abdb636674a8b559c"},
    {file = "MarkupSafe-2.1.3-cp312-cp312-musllinux_1_1_x86_64.whl", hash = "sha256:8f9293864fe09b8149f0cc42ce56e3f0e54de883a9de90cd427f191c346eb2e1"},
    {file = "MarkupSafe-2.1.3-cp312-cp312-win32.whl", hash = "sha256:715d3562f79d540f251b99ebd6d8baa547118974341db04f5ad06d5ea3eb8007"},
    {file = "MarkupSafe-2.1.3-cp312-cp312-win_amd64.whl", hash = "sha256:1b8dd8c3fd14349433c79fa8abeb573a55fc0fdd769133baac1f5e07abf54aeb"},
    {file = "MarkupSafe-2.1.3-cp37-cp37m-macosx_10_9_x86_64.whl", hash = "sha256:8e254ae696c88d98da6555f5ace2279cf7cd5b3f52be2b5cf97feafe883b58d2"},
    {file = "MarkupSafe-2.1.3-cp37-cp37m-manylinux_2_17_aarch64.manylinux2014_aarch64.whl", hash = "sha256:cb0932dc158471523c9637e807d9bfb93e06a95cbf010f1a38b98623b929ef2b"},
    {file = "MarkupSafe-2.1.3-cp37-cp37m-manylinux_2_17_x86_64.manylinux2014_x86_64.whl", hash = "sha256:9402b03f1a1b4dc4c19845e5c749e3ab82d5078d16a2a4c2cd2df62d57bb0707"},
    {file = "MarkupSafe-2.1.3-cp37-cp37m-manylinux_2_5_i686.manylinux1_i686.manylinux_2_17_i686.manylinux2014_i686.whl", hash = "sha256:ca379055a47383d02a5400cb0d110cef0a776fc644cda797db0c5696cfd7e18e"},
    {file = "MarkupSafe-2.1.3-cp37-cp37m-musllinux_1_1_aarch64.whl", hash = "sha256:b7ff0f54cb4ff66dd38bebd335a38e2c22c41a8ee45aa608efc890ac3e3931bc"},
    {file = "MarkupSafe-2.1.3-cp37-cp37m-musllinux_1_1_i686.whl", hash = "sha256:c011a4149cfbcf9f03994ec2edffcb8b1dc2d2aede7ca243746df97a5d41ce48"},
    {file = "MarkupSafe-2.1.3-cp37-cp37m-musllinux_1_1_x86_64.whl", hash = "sha256:56d9f2ecac662ca1611d183feb03a3fa4406469dafe241673d521dd5ae92a155"},
    {file = "MarkupSafe-2.1.3-cp37-cp37m-win32.whl", hash = "sha256:8758846a7e80910096950b67071243da3e5a20ed2546e6392603c096778d48e0"},
    {file = "MarkupSafe-2.1.3-cp37-cp37m-win_amd64.whl", hash = "sha256:787003c0ddb00500e49a10f2844fac87aa6ce977b90b0feaaf9de23c22508b24"},
    {file = "MarkupSafe-2.1.3-cp38-cp38-macosx_10_9_universal2.whl", hash = "sha256:2ef12179d3a291be237280175b542c07a36e7f60718296278d8593d21ca937d4"},
    {file = "MarkupSafe-2.1.3-cp38-cp38-macosx_10_9_x86_64.whl", hash = "sha256:2c1b19b3aaacc6e57b7e25710ff571c24d6c3613a45e905b1fde04d691b98ee0"},
    {file = "MarkupSafe-2.1.3-cp38-cp38-manylinux_2_17_aarch64.manylinux2014_aarch64.whl", hash = "sha256:8afafd99945ead6e075b973fefa56379c5b5c53fd8937dad92c662da5d8fd5ee"},
    {file = "MarkupSafe-2.1.3-cp38-cp38-manylinux_2_17_x86_64.manylinux2014_x86_64.whl", hash = "sha256:8c41976a29d078bb235fea9b2ecd3da465df42a562910f9022f1a03107bd02be"},
    {file = "MarkupSafe-2.1.3-cp38-cp38-manylinux_2_5_i686.manylinux1_i686.manylinux_2_17_i686.manylinux2014_i686.whl", hash = "sha256:d080e0a5eb2529460b30190fcfcc4199bd7f827663f858a226a81bc27beaa97e"},
    {file = "MarkupSafe-2.1.3-cp38-cp38-musllinux_1_1_aarch64.whl", hash = "sha256:69c0f17e9f5a7afdf2cc9fb2d1ce6aabdb3bafb7f38017c0b77862bcec2bbad8"},
    {file = "MarkupSafe-2.1.3-cp38-cp38-musllinux_1_1_i686.whl", hash = "sha256:504b320cd4b7eff6f968eddf81127112db685e81f7e36e75f9f84f0df46041c3"},
    {file = "MarkupSafe-2.1.3-cp38-cp38-musllinux_1_1_x86_64.whl", hash = "sha256:42de32b22b6b804f42c5d98be4f7e5e977ecdd9ee9b660fda1a3edf03b11792d"},
    {file = "MarkupSafe-2.1.3-cp38-cp38-win32.whl", hash = "sha256:ceb01949af7121f9fc39f7d27f91be8546f3fb112c608bc4029aef0bab86a2a5"},
    {file = "MarkupSafe-2.1.3-cp38-cp38-win_amd64.whl", hash = "sha256:1b40069d487e7edb2676d3fbdb2b0829ffa2cd63a2ec26c4938b2d34391b4ecc"},
    {file = "MarkupSafe-2.1.3-cp39-cp39-macosx_10_9_universal2.whl", hash = "sha256:8023faf4e01efadfa183e863fefde0046de576c6f14659e8782065bcece22198"},
    {file = "MarkupSafe-2.1.3-cp39-cp39-macosx_10_9_x86_64.whl", hash = "sha256:6b2b56950d93e41f33b4223ead100ea0fe11f8e6ee5f641eb753ce4b77a7042b"},
    {file = "MarkupSafe-2.1.3-cp39-cp39-manylinux_2_17_aarch64.manylinux2014_aarch64.whl", hash = "sha256:9dcdfd0eaf283af041973bff14a2e143b8bd64e069f4c383416ecd79a81aab58"},
    {file = "MarkupSafe-2.1.3-cp39-cp39-manylinux_2_17_x86_64.manylinux2014_x86_64.whl", hash = "sha256:05fb21170423db021895e1ea1e1f3ab3adb85d1c2333cbc2310f2a26bc77272e"},
    {file = "MarkupSafe-2.1.3-cp39-cp39-manylinux_2_5_i686.manylinux1_i686.manylinux_2_17_i686.manylinux2014_i686.whl", hash = "sha256:282c2cb35b5b673bbcadb33a585408104df04f14b2d9b01d4c345a3b92861c2c"},
    {file = "MarkupSafe-2.1.3-cp39-cp39-musllinux_1_1_aarch64.whl", hash = "sha256:ab4a0df41e7c16a1392727727e7998a467472d0ad65f3ad5e6e765015df08636"},
    {file = "MarkupSafe-2.1.3-cp39-cp39-musllinux_1_1_i686.whl", hash = "sha256:7ef3cb2ebbf91e330e3bb937efada0edd9003683db6b57bb108c4001f37a02ea"},
    {file = "MarkupSafe-2.1.3-cp39-cp39-musllinux_1_1_x86_64.whl", hash = "sha256:0a4e4a1aff6c7ac4cd55792abf96c915634c2b97e3cc1c7129578aa68ebd754e"},
    {file = "MarkupSafe-2.1.3-cp39-cp39-win32.whl", hash = "sha256:fec21693218efe39aa7f8599346e90c705afa52c5b31ae019b2e57e8f6542bb2"},
    {file = "MarkupSafe-2.1.3-cp39-cp39-win_amd64.whl", hash = "sha256:3fd4abcb888d15a94f32b75d8fd18ee162ca0c064f35b11134be77050296d6ba"},
    {file = "MarkupSafe-2.1.3.tar.gz", hash = "sha256:af598ed32d6ae86f1b747b82783958b1a4ab8f617b06fe68795c7f026abbdcad"},
]

[[package]]
name = "opentelemetry-api"
version = "1.39.1"
description = "OpenTelemetry Python API"
optional = false
python-versions = ">=3.9"
files = [
    {file = "opentelemetry_api-1.39.1-py3-none-any.whl", hash = "sha256:2edd8463432a7f8443edce90972169b195e7d6a05500cd29e6d13898187c9950"},
    {file = "opentelemetry_api-1.39.1.tar.gz", hash = "sha256:fbde8c80e1b937a2c61f20347e91c0c18a1940cecf012d62e65a7caf08967c9c"},
]

[package.dependencies]
importlib-metadata = ">=6.0,<8.8.0"
typing-extensions = ">=4.5.0"

[[package]]
name = "opentelemetry-exporter-otlp-proto-common"
version = "1.39.1"
description = "OpenTelemetry Protobuf encoding"
optional = false
python-versions = ">=3.9"
files = [
    {file = "opentelemetry_exporter_otlp_proto_common-1.39.1-py3-none-any.whl", hash = "sha256:08f8a5862d64cc3435105686d0216c1365dc5701f86844a8cd56597d0c764fde"},
    {file = "opentelemetry_exporter_otlp_proto_common-1.39.1.tar.gz", hash = "sha256:763370d4737a59741c89a67b50f9e39271639ee4afc999dadfe768541c027464"},
]

[package.dependencies]
opentelemetry-proto = "1.39.1"

[[package]]
name = "opentelemetry-exporter-otlp-proto-grpc"
version = "1.39.1"
description = "OpenTelemetry Collector Protobuf over gRPC Exporter"
optional = false
python-versions = ">=3.9"
files = [
    {file = "opentelemetry_exporter_otlp_proto_grpc-1.39.1-py3-none-any.whl", hash = "sha256:fa1c136a05c7e9b4c09f739469cbdb927ea20b34088ab1d959a849b5cc589c18"},
    {file = "opentelemetry_exporter_otlp_proto_grpc-1.39.1.tar.gz", hash = "sha256:772eb1c9287485d625e4dbe9c879898e5253fea111d9181140f51291b5fec3ad"},
]

[package.dependencies]
googleapis-common-protos = ">=1.57,<2.0"
grpcio = [
    {version = ">=1.63.2,<2.0.0", markers = "python_version < \"3.13\""},
    {version = ">=1.66.2,<2.0.0", markers = "python_version >= \"3.13\""},
]
opentelemetry-api = ">=1.15,<2.0"
opentelemetry-exporter-otlp-proto-common = "1.39.1"
opentelemetry-proto = "1.39.1"
opentelemetry-sdk = ">=1.39.1,<1.40.0"
typing-extensions = ">=4.6.0"

[package.extras]
gcp-auth = ["opentelemetry-exporter-credential-provider-gcp (>=0.59b0)"]

[[package]]
name = "opentelemetry-instrumentation"
version = "0.60b1"
description = "Instrumentation Tools & Auto Instrumentation for OpenTelemetry Python"
optional = false
python-versions = ">=3.9"
files = [
    {file = "opentelemetry_instrumentation-0.60b1-py3-none-any.whl", hash = "sha256:04480db952b48fb1ed0073f822f0ee26012b7be7c3eac1a3793122737c78632d"},
    {file = "opentelemetry_instrumentation-0.60b1.tar.gz", hash = "sha256:57ddc7974c6eb35865af0426d1a17132b88b2ed8586897fee187fd5b8944bd6a"},
]

[package.dependencies]
opentelemetry-api = ">=1.4,<2.0"
opentelemetry-semantic-conventions = "0.60b1"
packaging = ">=18.0"
wrapt = ">=1.0.0,<2.0.0"

[[package]]
name = "opentelemetry-instrumentation-flask"
version = "0.60b1"
description = "Flask instrumentation for OpenTelemetry"
optional = false
python-versions = ">=3.9"
files = [
    {file = "opentelemetry_instrumentation_flask-0.60b1-py3-none-any.whl", hash = "sha256:070cb00f3f1214a4b680c7ab6ae1e5a14a54fd05ef163323500326002dfcfed4"},
    {file = "opentelemetry_instrumentation_flask-0.60b1.tar.gz", hash = "sha256:88cb0f6178d8a9b66f6aabb008e2735f28e3114def90b28004a2b295ca9b67e8"},
]

[package.dependencies]
opentelemetry-api = ">=1.12,<2.0"
opentelemetry-instrumentation = "0.60b1"
opentelemetry-instrumentation-wsgi = "0.60b1"
opentelemetry-semantic-conventions = "0.60b1"
opentelemetry-util-http = "0.60b1"
packaging = ">=21.0"

[package.extras]
instruments = ["flask (>=1.0)"]

[[package]]
name = "opentelemetry-instrumentation-wsgi"
version = "0.60b1"
description = "WSGI Middleware for OpenTelemetry"
optional = false
python-versions = ">=3.9"
files = [
    {file = "opentelemetry_instrumentation_wsgi-0.60b1-py3-none-any.whl", hash = "sha256:5e7b432778ebf5a39af136227884a6ab2efc3c4e73e2dbb1d05ecf03ea196705"},
    {file = "opentelemetry_instrumentation_wsgi-0.60b1.tar.gz", hash = "sha256:eb553eec7ebfcf2945cc10d787a265e7abadb9ed1d1ebce8b13988d44fa0cf45"},
]

[package.dependencies]
opentelemetry-api = ">=1.12,<2.0"
opentelemetry-instrumentation = "0.60b1"
opentelemetry-semantic-conventions = "0.60b1"
opentelemetry-util-http = "0.60b1"

[[package]]
name = "opentelemetry-proto"
version = "1.39.1"
description = "OpenTelemetry Python Proto"
optional = false
python-versions = ">=3.9"
files = [
    {file = "opentelemetry_proto-1.39.1-py3-none-any.whl", hash = "sha256:22cdc78efd3b3765d09e68bfbd010d4fc254c9818afd0b6b423387d9dee46007"},
    {file = "opentelemetry_proto-1.39.1.tar.gz", hash = "sha256:6c8e05144fc0d3ed4d22c2289c6b126e03bcd0e6a7da0f16cedd2e1c2772e2c8"},
]

[package.dependencies]
protobuf = ">=5.0,<7.0"

[[package]]
name = "opentelemetry-sdk"
version = "1.39.1"
description = "OpenTelemetry Python SDK"
optional = false
python-versions = ">=3.9"
files = [
    {file = "opentelemetry_sdk-1.39.1-py3-none-any.whl", hash = "sha256:4d5482c478513ecb0a5d938dcc61394e647066e0cc2676bee9f3af3f3f45f01c"},
    {file = "opentelemetry_sdk-1.39.1.tar.gz", hash = "sha256:cf4d4563caf7bff906c9f7967e2be22d0d6b349b908be0d90fb21c8e9c995cc6"},
]

[package.dependencies]
opentelemetry-api = "1.39.1"
opentelemetry-semantic-conventions = "0.60b1"
typing-extensions = ">=4.5.0"

[[package]]
name = "opentelemetry-semantic-conventions"
version = "0.60b1"
description = "OpenTelemetry Semantic Conventions"
optional = false
python-versions = ">=3.9"
files = [
    {file = "opentelemetry_semantic_conventions-0.60b1-py3-none-any.whl", hash = "sha256:9fa8c8b0c110da289809292b0591220d3a7b53c1526a23021e977d68597893fb"},
    {file = "opentelemetry_semantic_conventions-0.60b1.tar.gz", hash = "sha256:87c228b5a0669b748c76d76df6c364c369c28f1c465e50f661e39737e84bc953"},
]

[package.dependencies]
opentelemetry-api = "1.39.1"
typing-extensions = ">=4.5.0"

[[package]]
name = "opentelemetry-util-http"
version = "0.60b1"
description = "Web util for OpenTelemetry"
optional = false
python-versions = ">=3.9"
files = [
    {file = "opentelemetry_util_http-0.60b1-py3-none-any.whl", hash = "sha256:66381ba28550c91bee14dcba8979ace443444af1ed609226634596b4b0faf199"},
    {file = "opentelemetry_util_http-0.60b1.tar.gz", hash = "sha256:0d97152ca8c8a41ced7172d29d3622a219317f74ae6bb3027cfbdcf22c3cc0d6"},
]

[[package]]
name = "packaging"
version = "26.0"
description = "Core utilities for Python packages"
optional = false
python-versions = ">=3.8"
files = [
    {file = "packaging-26.0-py3-none-any.whl", hash = "sha256:b36f1fef9334a5588b4166f8bcd26a14e521f2b55e6b9de3aaa80d3ff7a37529"},
    {file = "packaging-26.0.tar.gz", hash = "sha256:00243ae351a257117b6a241061796684b084ed1c516a08c48a3f7e147a9d80b4"},
]

[[package]]
name = "protobuf"
version = "6.33.5"
description = ""
optional = false
python-versions = ">=3.9"
files = [
    {file = "protobuf-6.33.5-cp310-abi3-win32.whl", hash = "sha256:d71b040839446bac0f4d162e758bea99c8251161dae9d0983a3b88dee345153b"},
    {file = "protobuf-6.33.5-cp310-abi3-win_amd64.whl", hash = "sha256:3093804752167bcab3998bec9f1048baae6e29505adaf1afd14a37bddede533c"},
    {file = "protobuf-6.33.5-cp39-abi3-macosx_10_9_universal2.whl", hash = "sha256:a5cb85982d95d906df1e2210e58f8e4f1e3cdc088e52c921a041f9c9a0386de5"},
    {file = "protobuf-6.33.5-cp39-abi3-manylinux2014_aarch64.whl", hash = "sha256:9b71e0281f36f179d00cbcb119cb19dec4d14a81393e5ea220f64b286173e190"},
    {file = "protobuf-6.33.5-cp39-abi3-manylinux2014_s390x.whl", hash = "sha256:8afa18e1d6d20af15b417e728e9f60f3aa108ee76f23c3b2c07a2c3b546d3afd"},
    {file = "protobuf-6.33.5-cp39-abi3-manylinux2014_x86_64.whl", hash = "sha256:cbf16ba3350fb7b889fca858fb215967792dc125b35c7976ca4818bee3521cf0"},
    {file = "protobuf-6.33.5-cp39-cp39-win32.whl", hash = "sha256:a3157e62729aafb8df6da2c03aa5c0937c7266c626ce11a278b6eb7963c4e37c"},
    {file = "protobuf-6.33.5-cp39-cp39-win_amd64.whl", hash = "sha256:8f04fa32763dcdb4973d537d6b54e615cc61108c7cb38fe59310c3192d29510a"},
    {file = "protobuf-6.33.5-py3-none-any.whl", hash = "sha256:69915a973dd0f60f31a08b8318b73eab2bd6a392c79184b3612226b0a3f8ec02"},
    {file = "protobuf-6.33.5.tar.gz", hash = "sha256:6ddcac2a081f8b7b9642c09406bc6a4290128fce5f471cddd165960bb9119e5c"},
]

[[package]]
name = "typing-extensions"
version = "4.15.0"
description = "Backported and Experimental Type Hints for Python 3.9+"
optional = false
python-versions = ">=3.9"
files = [
    {file = "typing_extensions-4.15.0-py3-none-any.whl", hash = "sha256:f0fa19c6845758ab08074a0cfa8b7aecb71c999ca73d62883bc25cc018c4e548"},
    {file = "typing_extensions-4.15.0.tar.gz", hash = "sha256:0cea48d173cc12fa28ecabc3b837ea3cf6f38c6d1136f85cbaaf598984861466"},
]

[[package]]
name = "werkzeug"
version = "2.3.8"
description = "The comprehensive WSGI web application library."
optional = false
python-versions = ">=3.8"
files = [
    {file = "werkzeug-2.3.8-py3-none-any.whl", hash = "sha256:bba1f19f8ec89d4d607a3bd62f1904bd2e609472d93cd85e9d4e178f472c3748"},
    {file = "werkzeug-2.3.8.tar.gz", hash = "sha256:554b257c74bbeb7a0d254160a4f8ffe185243f52a52035060b761ca62d977f03"},
]

[package.dependencies]
MarkupSafe = ">=2.1.1"

[package.extras]
watchdog = ["watchdog (>=2.3)"]

[[package]]
name = "wrapt"
version = "1.17.3"
description = "Module for decorators, wrappers and monkey patching."
optional = false
python-versions = ">=3.8"
files = [
    {file = "wrapt-1.17.3-cp310-cp310-macosx_10_9_universal2.whl", hash = "sha256:88bbae4d40d5a46142e70d58bf664a89b6b4befaea7b2ecc14e03cedb8e06c04"},
    {file = "wrapt-1.17.3-cp310-cp310-macosx_10_9_x86_64.whl", hash = "sha256:e6b13af258d6a9ad602d57d889f83b9d5543acd471eee12eb51f5b01f8eb1bc2"},
    {file = "wrapt-1.17.3-cp310-cp310-macosx_11_0_arm64.whl", hash = "sha256:fd341868a4b6714a5962c1af0bd44f7c404ef78720c7de4892901e540417111c"},
    {file = "wrapt-1.17.3-cp310-cp310-manylinux1_x86_64.manylinux_2_28_x86_64.manylinux_2_5_x86_64.whl", hash = "sha256:f9b2601381be482f70e5d1051a5965c25fb3625455a2bf520b5a077b22afb775"},
    {file = "wrapt-1.17.3-cp310-cp310-manylinux2014_aarch64.manylinux_2_17_aarch64.manylinux_2_28_aarch64.whl", hash = "sha256:343e44b2a8e60e06a7e0d29c1671a0d9951f59174f3709962b5143f60a2a98bd"},
    {file = "wrapt-1.17.3-cp310-cp310-musllinux_1_2_aarch64.whl", hash = "sha256:33486899acd2d7d3066156b03465b949da3fd41a5da6e394ec49d271baefcf05"},
    {file = "wrapt-1.17.3-cp310-cp310-musllinux_1_2_x86_64.whl", hash = "sha256:e6f40a8aa5a92f150bdb3e1c44b7e98fb7113955b2e5394122fa5532fec4b418"},
    {file = "wrapt-1.17.3-cp310-cp310-win32.whl", hash = "sha256:a36692b8491d30a8c75f1dfee65bef119d6f39ea84ee04d9f9311f83c5ad9390"},
    {file = "wrapt-1.17.3-cp310-cp310-win_amd64.whl", hash = "sha256:afd964fd43b10c12213574db492cb8f73b2f0826c8df07a68288f8f19af2ebe6"},
    {file = "wrapt-1.17.3-cp310-cp310-win_arm64.whl", hash = "sha256:af338aa93554be859173c39c85243970dc6a289fa907402289eeae7543e1ae18"},
    {file = "wrapt-1.17.3-cp311-cp311-macosx_10_9_universal2.whl", hash = "sha256:273a736c4645e63ac582c60a56b0acb529ef07f78e08dc6bfadf6a46b19c0da7"},
    {file = "wrapt-1.17.3-cp311-cp311-macosx_10_9_x86_64.whl", hash = "sha256:5531d911795e3f935a9c23eb1c8c03c211661a5060aab167065896bbf62a5f85"},
    {file = "wrapt-1.17.3-cp311-cp311-macosx_11_0_arm64.whl", hash = "sha256:0610b46293c59a3adbae3dee552b648b984176f8562ee0dba099a56cfbe4df1f"},
    {file = "wrapt-1.17.3-cp311-cp311-manylinux1_x86_64.manylinux_2_28_x86_64.manylinux_2_5_x86_64.whl", hash = "sha256:b32888aad8b6e68f83a8fdccbf3165f5469702a7544472bdf41f582970ed3311"},
    {file = "wrapt-1.17.3-cp311-cp311-manylinux2014_aarch64.manylinux_2_17_aarch64.manylinux_2_28_aarch64.whl", hash = "sha256:8cccf4f81371f257440c88faed6b74f1053eef90807b77e31ca057b2db74edb1"},
    {file = "wrapt-1.17.3-cp311-cp311-musllinux_1_2_aarch64.whl", hash = "sha256:d8a210b158a34164de8bb68b0e7780041a903d7b00c87e906fb69928bf7890d5"},
    {file = "wrapt-1.17.3-cp311-cp311-musllinux_1_2_x86_64.whl", hash = "sha256:79573c24a46ce11aab457b472efd8d125e5a51da2d1d24387666cd85f54c05b2"},
    {file = "wrapt-1.17.3-cp311-cp311-win32.whl", hash = "sha256:c31eebe420a9a5d2887b13000b043ff6ca27c452a9a22fa71f35f118e8d4bf89"},
    {file = "wrapt-1.17.3-cp311-cp311-win_amd64.whl", hash = "sha256:0b1831115c97f0663cb77aa27d381237e73ad4f721391a9bfb2fe8bc25fa6e77"},
    {file = "wrapt-1.17.3-cp311-cp311-win_arm64.whl", hash = "sha256:5a7b3c1ee8265eb4c8f1b7d29943f195c00673f5ab60c192eba2d4a7eae5f46a"},
    {file = "wrapt-1.17.3-cp312-cp312-macosx_10_13_universal2.whl", hash = "sha256:ab232e7fdb44cdfbf55fc3afa31bcdb0d8980b9b95c38b6405df2acb672af0e0"},
    {file = "wrapt-1.17.3-cp312-cp312-macosx_10_13_x86_64.whl", hash = "sha256:9baa544e6acc91130e926e8c802a17f3b16fbea0fd441b5a60f5cf2cc5c3deba"},
    {file = "wrapt-1.17.3-cp312-cp312-macosx_11_0_arm64.whl", hash = "sha256:6b538e31eca1a7ea4605e44f81a48aa24c4632a277431a6ed3f328835901f4fd"},
    {file = "wrapt-1.17.3-cp312-cp312-manylinux1_x86_64.manylinux_2_28_x86_64.manylinux_2_5_x86_64.whl", hash = "sha256:042ec3bb8f319c147b1301f2393bc19dba6e176b7da446853406d041c36c7828"},
    {file = "wrapt-1.17.3-cp312-cp312-manylinux2014_aarch64.manylinux_2_17_aarch64.manylinux_2_28_aarch64.whl", hash = "sha256:3af60380ba0b7b5aeb329bc4e402acd25bd877e98b3727b0135cb5c2efdaefe9"},
    {file = "wrapt-1.17.3-cp312-cp312-musllinux_1_2_aarch64.whl", hash = "sha256:0b02e424deef65c9f7326d8c19220a2c9040c51dc165cddb732f16198c168396"},
    {file = "wrapt-1.17.3-cp312-cp312-musllinux_1_2_x86_64.whl", hash = "sha256:74afa28374a3c3a11b3b5e5fca0ae03bef8450d6aa3ab3a1e2c30e3a75d023dc"},
    {file = "wrapt-1.17.3-cp312-cp312-win32.whl", hash = "sha256:4da9f45279fff3543c371d5ababc57a0384f70be244de7759c85a7f989cb4ebe"},
    {file = "wrapt-1.17.3-cp312-cp312-win_amd64.whl", hash = "sha256:e71d5c6ebac14875668a1e90baf2ea0ef5b7ac7918355850c0908ae82bcb297c"},
    {file = "wrapt-1.17.3-cp312-cp312-win_arm64.whl", hash = "sha256:604d076c55e2fdd4c1c03d06dc1a31b95130010517b5019db15365ec4a405fc6"},
    {file = "wrapt-1.17.3-cp313-cp313-macosx_10_13_universal2.whl", hash = "sha256:a47681378a0439215912ef542c45a783484d4dd82bac412b71e59cf9c0e1cea0"},
    {file = "wrapt-1.17.3-cp313-cp313-macosx_10_13_x86_64.whl", hash = "sha256:54a30837587c6ee3cd1a4d1c2ec5d24e77984d44e2f34547e2323ddb4e22eb77"},
    {file = "wrapt-1.17.3-cp313-cp313-macosx_11_0_arm64.whl", hash = "sha256:16ecf15d6af39246fe33e507105d67e4b81d8f8d2c6598ff7e3ca1b8a37213f7"},
    {file = "wrapt-1.17.3-cp313-cp313-manylinux1_x86_64.manylinux_2_28_x86_64.manylinux_2_5_x86_64.whl", hash = "sha256:6fd1ad24dc235e4ab88cda009e19bf347aabb975e44fd5c2fb22a3f6e4141277"},
    {file = "wrapt-1.17.3-cp313-cp313-manylinux2014_aarch64.manylinux_2_17_aarch64.manylinux_2_28_aarch64.whl", hash = "sha256:0ed61b7c2d49cee3c027372df5809a59d60cf1b6c2f81ee980a091f3afed6a2d"},
    {file = "wrapt-1.17.3-cp313-cp313-musllinux_1_2_aarch64.whl", hash = "sha256:423ed5420ad5f5529db9ce89eac09c8a2f97da18eb1c870237e84c5a5c2d60aa"},
    {file = "wrapt-1.17.3-cp313-cp313-musllinux_1_2_x86_64.whl", hash = "sha256:e01375f275f010fcbf7f643b4279896d04e571889b8a5b3f848423d91bf07050"},
    {file = "wrapt-1.17.3-cp313-cp313-win32.whl", hash = "sha256:53e5e39ff71b3fc484df8a522c933ea2b7cdd0d5d15ae82e5b23fde87d44cbd8"},
    {file = "wrapt-1.17.3-cp313-cp313-win_amd64.whl", hash = "sha256:1f0b2f40cf341ee8cc1a97d51ff50dddb9fcc73241b9143ec74b30fc4f44f6cb"},
    {file = "wrapt-1.17.3-cp313-cp313-win_arm64.whl", hash = "sha256:7425ac3c54430f5fc5e7b6f41d41e704db073309acfc09305816bc6a0b26bb16"},
    {file = "wrapt-1.17.3-cp314-cp314-macosx_10_13_universal2.whl", hash = "sha256:cf30f6e3c077c8e6a9a7809c94551203c8843e74ba0c960f4a98cd80d4665d39"},
    {file = "wrapt-1.17.3-cp314-cp314-macosx_10_13_x86_64.whl", hash = "sha256:e228514a06843cae89621384cfe3a80418f3c04aadf8a3b14e46a7be704e4235"},
    {file = "wrapt-1.17.3-cp314-cp314-macosx_11_0_arm64.whl", hash = "sha256:5ea5eb3c0c071862997d6f3e02af1d055f381b1d25b286b9d6644b79db77657c"},
    {file = "wrapt-1.17.3-cp314-cp314-manylinux1_x86_64.manylinux_2_28_x86_64.manylinux_2_5_x86_64.whl", hash = "sha256:281262213373b6d5e4bb4353bc36d1ba4084e6d6b5d242863721ef2bf2c2930b"},
    {file = "wrapt-1.17.3-cp314-cp314-manylinux2014_aarch64.manylinux_2_17_aarch64.manylinux_2_28_aarch64.whl", hash = "sha256:dc4a8d2b25efb6681ecacad42fca8859f88092d8732b170de6a5dddd80a1c8fa"},
    {file = "wrapt-1.17.3-cp314-cp314-musllinux_1_2_aarch64.whl", hash = "sha256:373342dd05b1d07d752cecbec0c41817231f29f3a89aa8b8843f7b95992ed0c7"},
    {file = "wrapt-1.17.3-cp314-cp314-musllinux_1_2_x86_64.whl", hash = "sha256:d40770d7c0fd5cbed9d84b2c3f2e156431a12c9a37dc6284060fb4bec0b7ffd4"},
    {file = "wrapt-1.17.3-cp314-cp314-win32.whl", hash = "sha256:fbd3c8319de8e1dc79d346929cd71d523622da527cca14e0c1d257e31c2b8b10"},
    {file = "wrapt-1.17.3-cp314-cp314-win_amd64.whl", hash = "sha256:e1a4120ae5705f673727d3253de3ed0e016f7cd78dc463db1b31e2463e1f3cf6"},
    {file = "wrapt-1.17.3-cp314-cp314-win_arm64.whl", hash = "sha256:507553480670cab08a800b9463bdb881b2edeed77dc677b0a5915e6106e91a58"},
    {file = "wrapt-1.17.3-cp314-cp314t-macosx_10_13_universal2.whl", hash = "sha256:ed7c635ae45cfbc1a7371f708727bf74690daedc49b4dba310590ca0bd28aa8a"},
    {file = "wrapt-1.17.3-cp314-cp314t-macosx_10_13_x86_64.whl", hash = "sha256:249f88ed15503f6492a71f01442abddd73856a0032ae860de6d75ca62eed8067"},
    {file = "wrapt-1.17.3-cp314-cp314t-macosx_11_0_arm64.whl", hash = "sha256:5a03a38adec8066d5a37bea22f2ba6bbf39fcdefbe2d91419ab864c3fb515454"},
    {file = "wrapt-1.17.3-cp314-cp314t-manylinux1_x86_64.manylinux_2_28_x86_64.manylinux_2_5_x86_64.whl", hash = "sha256:5d4478d72eb61c36e5b446e375bbc49ed002430d17cdec3cecb36993398e1a9e"},
    {file = "wrapt-1.17.3-cp314-cp314t-manylinux2014_aarch64.manylinux_2_17_aarch64.manylinux_2_28_aarch64.whl", hash = "sha256:223db574bb38637e8230eb14b185565023ab624474df94d2af18f1cdb625216f"},
    {file = "wrapt-1.17.3-cp314-cp314t-musllinux_1_2_aarch64.whl", hash = "sha256:e405adefb53a435f01efa7ccdec012c016b5a1d3f35459990afc39b6be4d5056"},
    {file = "wrapt-1.17.3-cp314-cp314t-musllinux_1_2_x86_64.whl", hash = "sha256:88547535b787a6c9ce4086917b6e1d291aa8ed914fdd3a838b3539dc95c12804"},
    {file = "wrapt-1.17.3-cp314-cp314t-win32.whl", hash = "sha256:41b1d2bc74c2cac6f9074df52b2efbef2b30bdfe5f40cb78f8ca22963bc62977"},
    {file = "wrapt-1.17.3-cp314-cp314t-win_amd64.whl", hash = "sha256:73d496de46cd2cdbdbcce4ae4bcdb4afb6a11234a1df9c085249d55166b95116"},
    {file = "wrapt-1.17.3-cp314-cp314t-win_arm64.whl", hash = "sha256:f38e60678850c42461d4202739f9bf1e3a737c7ad283638251e79cc49effb6b6"},
    {file = "wrapt-1.17.3-cp38-cp38-macosx_10_9_universal2.whl", hash = "sha256:70d86fa5197b8947a2fa70260b48e400bf2ccacdcab97bb7de47e3d1e6312225"},
    {file = "wrapt-1.17.3-cp38-cp38-macosx_10_9_x86_64.whl", hash = "sha256:df7d30371a2accfe4013e90445f6388c570f103d61019b6b7c57e0265250072a"},
    {file = "wrapt-1.17.3-cp38-cp38-macosx_11_0_arm64.whl", hash = "sha256:caea3e9c79d5f0d2c6d9ab96111601797ea5da8e6d0723f77eabb0d4068d2b2f"},
    {file = "wrapt-1.17.3-cp38-cp38-manylinux1_x86_64.manylinux_2_28_x86_64.manylinux_2_5_x86_64.whl", hash = "sha256:758895b01d546812d1f42204bd443b8c433c44d090248bf22689df673ccafe00"},
    {file = "wrapt-1.17.3-cp38-cp38-manylinux2014_aarch64.manylinux_2_17_aarch64.manylinux_2_28_aarch64.whl", hash = "sha256:02b551d101f31694fc785e58e0720ef7d9a10c4e62c1c9358ce6f63f23e30a56"},
    {file = "wrapt-1.17.3-cp38-cp38-musllinux_1_2_aarch64.whl", hash = "sha256:656873859b3b50eeebe6db8b1455e99d90c26ab058db8e427046dbc35c3140a5"},
    {file = "wrapt-1.17.3-cp38-cp38-musllinux_1_2_x86_64.whl", hash = "sha256:a9a2203361a6e6404f80b99234fe7fb37d1fc73487b5a78dc1aa5b97201e0f22"},
    {file = "wrapt-1.17.3-cp38-cp38-win32.whl", hash = "sha256:55cbbc356c2842f39bcc553cf695932e8b30e30e797f961860afb308e6b1bb7c"},
    {file = "wrapt-1.17.3-cp38-cp38-win_amd64.whl", hash = "sha256:ad85e269fe54d506b240d2d7b9f5f2057c2aa9a2ea5b32c66f8902f768117ed2"},
    {file = "wrapt-1.17.3-cp39-cp39-macosx_10_9_universal2.whl", hash = "sha256:30ce38e66630599e1193798285706903110d4f057aab3168a34b7fdc85569afc"},
    {file = "wrapt-1.17.3-cp39-cp39-macosx_10_9_x86_64.whl", hash = "sha256:65d1d00fbfb3ea5f20add88bbc0f815150dbbde3b026e6c24759466c8b5a9ef9"},
    {file = "wrapt-1.17.3-cp39-cp39-macosx_11_0_arm64.whl", hash = "sha256:a7c06742645f914f26c7f1fa47b8bc4c91d222f76ee20116c43d5ef0912bba2d"},
    {file = "wrapt-1.17.3-cp39-cp39-manylinux1_x86_64.manylinux_2_28_x86_64.manylinux_2_5_x86_64.whl", hash = "sha256:7e18f01b0c3e4a07fe6dfdb00e29049ba17eadbc5e7609a2a3a4af83ab7d710a"},
    {file = "wrapt-1.17.3-cp39-cp39-manylinux2014_aarch64.manylinux_2_17_aarch64.manylinux_2_28_aarch64.whl", hash = "sha256:0f5f51a6466667a5a356e6381d362d259125b57f059103dd9fdc8c0cf1d14139"},
    {file = "wrapt-1.17.3-cp39-cp39-musllinux_1_2_aarch64.whl", hash = "sha256:59923aa12d0157f6b82d686c3fd8e1166fa8cdfb3e17b42ce3b6147ff81528df"},
    {file = "wrapt-1.17.3-cp39-cp39-musllinux_1_2_x86_64.whl", hash = "sha256:46acc57b331e0b3bcb3e1ca3b421d65637915cfcd65eb783cb2f78a511193f9b"},
    {file = "wrapt-1.17.3-cp39-cp39-win32.whl", hash = "sha256:3e62d15d3cfa26e3d0788094de7b64efa75f3a53875cdbccdf78547aed547a81"},
    {file = "wrapt-1.17.3-cp39-cp39-win_amd64.whl", hash = "sha256:1f23fa283f51c890eda8e34e4937079114c74b4c81d2b2f1f1d94948f5cc3d7f"},
    {file = "wrapt-1.17.3-cp39-cp39-win_arm64.whl", hash = "sha256:24c2ed34dc222ed754247a2702b1e1e89fdbaa4016f324b4b8f1a802d4ffe87f"},
    {file = "wrapt-1.17.3-py3-none-any.whl", hash = "sha256:7171ae35d2c33d326ac19dd8facb1e82e5fd04ef8c6c0e394d7af55a55051c22"},
    {file = "wrapt-1.17.3.tar.gz", hash = "sha256:f66eb08feaa410fe4eebd17f2a2c8e2e46d3476e9f8c783daa8e09e0faa666d0"},
]

[[package]]
name = "zipp"
version = "3.23.0"
description = "Backport of pathlib-compatible object wrapper for zip files"
optional = false
python-versions = ">=3.9"
files = [
    {file = "zipp-3.23.0-py3-none-any.whl", hash = "sha256:071652d6115ed432f5ce1d34c336c0adfd6a884660d1e9712a256d3d3bd4b14e"},
    {file = "zipp-3.23.0.tar.gz", hash = "sha256:a07157588a12518c9d4034df3fbbee09c814741a33ff63c05fa29d26a2404166"},
]

[package.extras]
check = ["pytest-checkdocs (>=2.4)", "pytest-ruff (>=0.2.1)"]
cover = ["pytest-cov"]
doc = ["furo", "jaraco.packaging (>=9.3)", "jaraco.tidelift (>=1.4)", "rst.linker (>=1.9)", "sphinx (>=3.5)", "sphinx-lint"]
enabler = ["pytest-enabler (>=2.2)"]
test = ["big-O", "jaraco.functools", "jaraco.itertools", "jaraco.test", "more_itertools", "pytest (>=6,!=8.1.*)", "pytest-ignore-flaky"]
type = ["pytest-mypy"]

[metadata]
lock-version = "2.0"
python-versions = "^3.11"
content-hash = "062167ffbe58447e409575546ef6758767eda3fb31efc47e53db49dd93de43a6"
